// !$*UTF8*$!
{
	archiveVersion = 1;
	classes = {
	};
	objectVersion = 51;
	objects = {

/* Begin PBXBuildFile section */
		0130183926C152D600150FBF /* AppDelegate.swift in Sources */ = {isa = PBXBuildFile; fileRef = 0130183826C152D600150FBF /* AppDelegate.swift */; };
		0130183B26C152D600150FBF /* SceneDelegate.swift in Sources */ = {isa = PBXBuildFile; fileRef = 0130183A26C152D600150FBF /* SceneDelegate.swift */; };
		0130183D26C152D600150FBF /* SignUpVC.swift in Sources */ = {isa = PBXBuildFile; fileRef = 0130183C26C152D600150FBF /* SignUpVC.swift */; };
		0130184026C152D600150FBF /* Main.storyboard in Resources */ = {isa = PBXBuildFile; fileRef = 0130183E26C152D600150FBF /* Main.storyboard */; };
		0130184226C152D800150FBF /* Assets.xcassets in Resources */ = {isa = PBXBuildFile; fileRef = 0130184126C152D800150FBF /* Assets.xcassets */; };
		0130184526C152D800150FBF /* LaunchScreen.storyboard in Resources */ = {isa = PBXBuildFile; fileRef = 0130184326C152D800150FBF /* LaunchScreen.storyboard */; };
		01FAB29B26C3DF83004D741C /* PlacesVC.swift in Sources */ = {isa = PBXBuildFile; fileRef = 01FAB29A26C3DF83004D741C /* PlacesVC.swift */; };
		01FAB29D26C40488004D741C /* AddPlaceVC.swift in Sources */ = {isa = PBXBuildFile; fileRef = 01FAB29C26C40488004D741C /* AddPlaceVC.swift */; };
		01FAB29F26C405E8004D741C /* MapVC.swift in Sources */ = {isa = PBXBuildFile; fileRef = 01FAB29E26C405E8004D741C /* MapVC.swift */; };
		01FAB2A126C40FA5004D741C /* DetailsVC.swift in Sources */ = {isa = PBXBuildFile; fileRef = 01FAB2A026C40FA5004D741C /* DetailsVC.swift */; };
		491024F5E0489F751DF5BB84 /* Pods_FoursquareClone.framework in Frameworks */ = {isa = PBXBuildFile; fileRef = 81C4B275C43FB23DD98E53CD /* Pods_FoursquareClone.framework */; };
/* End PBXBuildFile section */

/* Begin PBXFileReference section */
		0130183526C152D600150FBF /* FoursquareClone.app */ = {isa = PBXFileReference; explicitFileType = wrapper.application; includeInIndex = 0; path = FoursquareClone.app; sourceTree = BUILT_PRODUCTS_DIR; };
		0130183826C152D600150FBF /* AppDelegate.swift */ = {isa = PBXFileReference; lastKnownFileType = sourcecode.swift; path = AppDelegate.swift; sourceTree = "<group>"; };
		0130183A26C152D600150FBF /* SceneDelegate.swift */ = {isa = PBXFileReference; lastKnownFileType = sourcecode.swift; path = SceneDelegate.swift; sourceTree = "<group>"; };
		0130183C26C152D600150FBF /* SignUpVC.swift */ = {isa = PBXFileReference; lastKnownFileType = sourcecode.swift; path = SignUpVC.swift; sourceTree = "<group>"; };
		0130183F26C152D600150FBF /* Base */ = {isa = PBXFileReference; lastKnownFileType = file.storyboard; name = Base; path = Base.lproj/Main.storyboard; sourceTree = "<group>"; };
		0130184126C152D800150FBF /* Assets.xcassets */ = {isa = PBXFileReference; lastKnownFileType = folder.assetcatalog; path = Assets.xcassets; sourceTree = "<group>"; };
		0130184426C152D800150FBF /* Base */ = {isa = PBXFileReference; lastKnownFileType = file.storyboard; name = Base; path = Base.lproj/LaunchScreen.storyboard; sourceTree = "<group>"; };
		0130184626C152D800150FBF /* Info.plist */ = {isa = PBXFileReference; lastKnownFileType = text.plist.xml; path = Info.plist; sourceTree = "<group>"; };
		01FAB29A26C3DF83004D741C /* PlacesVC.swift */ = {isa = PBXFileReference; lastKnownFileType = sourcecode.swift; path = PlacesVC.swift; sourceTree = "<group>"; };
		01FAB29C26C40488004D741C /* AddPlaceVC.swift */ = {isa = PBXFileReference; lastKnownFileType = sourcecode.swift; path = AddPlaceVC.swift; sourceTree = "<group>"; };
		01FAB29E26C405E8004D741C /* MapVC.swift */ = {isa = PBXFileReference; lastKnownFileType = sourcecode.swift; path = MapVC.swift; sourceTree = "<group>"; };
		01FAB2A026C40FA5004D741C /* DetailsVC.swift */ = {isa = PBXFileReference; lastKnownFileType = sourcecode.swift; path = DetailsVC.swift; sourceTree = "<group>"; };
		81C4B275C43FB23DD98E53CD /* Pods_FoursquareClone.framework */ = {isa = PBXFileReference; explicitFileType = wrapper.framework; includeInIndex = 0; path = Pods_FoursquareClone.framework; sourceTree = BUILT_PRODUCTS_DIR; };
		8E3300BCECD8BBC0F6360AE3 /* Pods-FoursquareClone.debug.xcconfig */ = {isa = PBXFileReference; includeInIndex = 1; lastKnownFileType = text.xcconfig; name = "Pods-FoursquareClone.debug.xcconfig"; path = "Target Support Files/Pods-FoursquareClone/Pods-FoursquareClone.debug.xcconfig"; sourceTree = "<group>"; };
		9CFFF2E9B04CB506EB5893B9 /* Pods-FoursquareClone.release.xcconfig */ = {isa = PBXFileReference; includeInIndex = 1; lastKnownFileType = text.xcconfig; name = "Pods-FoursquareClone.release.xcconfig"; path = "Target Support Files/Pods-FoursquareClone/Pods-FoursquareClone.release.xcconfig"; sourceTree = "<group>"; };
/* End PBXFileReference section */

/* Begin PBXFrameworksBuildPhase section */
		0130183226C152D600150FBF /* Frameworks */ = {
			isa = PBXFrameworksBuildPhase;
			buildActionMask = 2147483647;
			files = (
				491024F5E0489F751DF5BB84 /* Pods_FoursquareClone.framework in Frameworks */,
			);
			runOnlyForDeploymentPostprocessing = 0;
		};
/* End PBXFrameworksBuildPhase section */

/* Begin PBXGroup section */
		0130182C26C152D600150FBF = {
			isa = PBXGroup;
			children = (
				0130183726C152D600150FBF /* FoursquareClone */,
				0130183626C152D600150FBF /* Products */,
				CB122011A2E5567CE10BA244 /* Pods */,
				CADD2D20DE1A0E24ED845DFE /* Frameworks */,
			);
			sourceTree = "<group>";
		};
		0130183626C152D600150FBF /* Products */ = {
			isa = PBXGroup;
			children = (
				0130183526C152D600150FBF /* FoursquareClone.app */,
			);
			name = Products;
			sourceTree = "<group>";
		};
		0130183726C152D600150FBF /* FoursquareClone */ = {
			isa = PBXGroup;
			children = (
				0130183826C152D600150FBF /* AppDelegate.swift */,
				0130183A26C152D600150FBF /* SceneDelegate.swift */,
				0130183C26C152D600150FBF /* SignUpVC.swift */,
				01FAB29A26C3DF83004D741C /* PlacesVC.swift */,
				01FAB29C26C40488004D741C /* AddPlaceVC.swift */,
				01FAB29E26C405E8004D741C /* MapVC.swift */,
				01FAB2A026C40FA5004D741C /* DetailsVC.swift */,
				0130183E26C152D600150FBF /* Main.storyboard */,
				0130184126C152D800150FBF /* Assets.xcassets */,
				0130184326C152D800150FBF /* LaunchScreen.storyboard */,
				0130184626C152D800150FBF /* Info.plist */,
			);
			path = FoursquareClone;
			sourceTree = "<group>";
		};
		CADD2D20DE1A0E24ED845DFE /* Frameworks */ = {
			isa = PBXGroup;
			children = (
				81C4B275C43FB23DD98E53CD /* Pods_FoursquareClone.framework */,
			);
			name = Frameworks;
			sourceTree = "<group>";
		};
		CB122011A2E5567CE10BA244 /* Pods */ = {
			isa = PBXGroup;
			children = (
				8E3300BCECD8BBC0F6360AE3 /* Pods-FoursquareClone.debug.xcconfig */,
				9CFFF2E9B04CB506EB5893B9 /* Pods-FoursquareClone.release.xcconfig */,
			);
			path = Pods;
			sourceTree = "<group>";
		};
/* End PBXGroup section */

/* Begin PBXNativeTarget section */
		0130183426C152D600150FBF /* FoursquareClone */ = {
			isa = PBXNativeTarget;
			buildConfigurationList = 0130184926C152D800150FBF /* Build configuration list for PBXNativeTarget "FoursquareClone" */;
			buildPhases = (
				2F450E091EBD14876299CCA0 /* [CP] Check Pods Manifest.lock */,
				0130183126C152D600150FBF /* Sources */,
				0130183226C152D600150FBF /* Frameworks */,
				0130183326C152D600150FBF /* Resources */,
				578994922C92960CA438987C /* [CP] Embed Pods Frameworks */,
			);
			buildRules = (
			);
			dependencies = (
			);
			name = FoursquareClone;
			productName = FoursquareClone;
			productReference = 0130183526C152D600150FBF /* FoursquareClone.app */;
			productType = "com.apple.product-type.application";
		};
/* End PBXNativeTarget section */

/* Begin PBXProject section */
		0130182D26C152D600150FBF /* Project object */ = {
			isa = PBXProject;
			attributes = {
				LastSwiftUpdateCheck = 1130;
				LastUpgradeCheck = 1130;
				ORGANIZATIONNAME = "Syncopa Productions";
				TargetAttributes = {
					0130183426C152D600150FBF = {
						CreatedOnToolsVersion = 11.3.1;
					};
				};
			};
			buildConfigurationList = 0130183026C152D600150FBF /* Build configuration list for PBXProject "FoursquareClone" */;
			compatibilityVersion = "Xcode 9.3";
			developmentRegion = en;
			hasScannedForEncodings = 0;
			knownRegions = (
				en,
				Base,
			);
			mainGroup = 0130182C26C152D600150FBF;
			productRefGroup = 0130183626C152D600150FBF /* Products */;
			projectDirPath = "";
			projectRoot = "";
			targets = (
				0130183426C152D600150FBF /* FoursquareClone */,
			);
		};
/* End PBXProject section */

/* Begin PBXResourcesBuildPhase section */
		0130183326C152D600150FBF /* Resources */ = {
			isa = PBXResourcesBuildPhase;
			buildActionMask = 2147483647;
			files = (
				0130184526C152D800150FBF /* LaunchScreen.storyboard in Resources */,
				0130184226C152D800150FBF /* Assets.xcassets in Resources */,
				0130184026C152D600150FBF /* Main.storyboard in Resources */,
			);
			runOnlyForDeploymentPostprocessing = 0;
		};
/* End PBXResourcesBuildPhase section */

/* Begin PBXShellScriptBuildPhase section */
		2F450E091EBD14876299CCA0 /* [CP] Check Pods Manifest.lock */ = {
			isa = PBXShellScriptBuildPhase;
			buildActionMask = 2147483647;
			files = (
			);
			inputFileListPaths = (
			);
			inputPaths = (
				"${PODS_PODFILE_DIR_PATH}/Podfile.lock",
				"${PODS_ROOT}/Manifest.lock",
			);
			name = "[CP] Check Pods Manifest.lock";
			outputFileListPaths = (
			);
			outputPaths = (
				"$(DERIVED_FILE_DIR)/Pods-FoursquareClone-checkManifestLockResult.txt",
			);
			runOnlyForDeploymentPostprocessing = 0;
			shellPath = /bin/sh;
			shellScript = "diff \"${PODS_PODFILE_DIR_PATH}/Podfile.lock\" \"${PODS_ROOT}/Manifest.lock\" > /dev/null\nif [ $? != 0 ] ; then\n    # print error to STDERR\n    echo \"error: The sandbox is not in sync with the Podfile.lock. Run 'pod install' or update your CocoaPods installation.\" >&2\n    exit 1\nfi\n# This output is used by Xcode 'outputs' to avoid re-running this script phase.\necho \"SUCCESS\" > \"${SCRIPT_OUTPUT_FILE_0}\"\n";
			showEnvVarsInLog = 0;
		};
		578994922C92960CA438987C /* [CP] Embed Pods Frameworks */ = {
			isa = PBXShellScriptBuildPhase;
			buildActionMask = 2147483647;
			files = (
			);
			inputFileListPaths = (
				"${PODS_ROOT}/Target Support Files/Pods-FoursquareClone/Pods-FoursquareClone-frameworks-${CONFIGURATION}-input-files.xcfilelist",
			);
			name = "[CP] Embed Pods Frameworks";
			outputFileListPaths = (
				"${PODS_ROOT}/Target Support Files/Pods-FoursquareClone/Pods-FoursquareClone-frameworks-${CONFIGURATION}-output-files.xcfilelist",
			);
			runOnlyForDeploymentPostprocessing = 0;
			shellPath = /bin/sh;
			shellScript = "\"${PODS_ROOT}/Target Support Files/Pods-FoursquareClone/Pods-FoursquareClone-frameworks.sh\"\n";
			showEnvVarsInLog = 0;
		};
/* End PBXShellScriptBuildPhase section */

/* Begin PBXSourcesBuildPhase section */
		0130183126C152D600150FBF /* Sources */ = {
			isa = PBXSourcesBuildPhase;
			buildActionMask = 2147483647;
			files = (
				0130183D26C152D600150FBF /* SignUpVC.swift in Sources */,
				01FAB29F26C405E8004D741C /* MapVC.swift in Sources */,
				0130183926C152D600150FBF /* AppDelegate.swift in Sources */,
				01FAB29B26C3DF83004D741C /* PlacesVC.swift in Sources */,
				01FAB2A126C40FA5004D741C /* DetailsVC.swift in Sources */,
				01FAB29D26C40488004D741C /* AddPlaceVC.swift in Sources */,
				0130183B26C152D600150FBF /* SceneDelegate.swift in Sources */,
			);
			runOnlyForDeploymentPostprocessing = 0;
		};
/* End PBXSourcesBuildPhase section */

/* Begin PBXVariantGroup section */
		0130183E26C152D600150FBF /* Main.storyboard */ = {
			isa = PBXVariantGroup;
			children = (
				0130183F26C152D600150FBF /* Base */,
			);
			name = Main.storyboard;
			sourceTree = "<group>";
		};
		0130184326C152D800150FBF /* LaunchScreen.storyboard */ = {
			isa = PBXVariantGroup;
			children = (
				0130184426C152D800150FBF /* Base */,
			);
			name = LaunchScreen.storyboard;
			sourceTree = "<group>";
		};
/* End PBXVariantGroup section */

/* Begin XCBuildConfiguration section */
		0130184726C152D800150FBF /* Debug */ = {
			isa = XCBuildConfiguration;
			buildSettings = {
				ALWAYS_SEARCH_USER_PATHS = NO;
				CLANG_ANALYZER_NONNULL = YES;
				CLANG_ANALYZER_NUMBER_OBJECT_CONVERSION = YES_AGGRESSIVE;
				CLANG_CXX_LANGUAGE_STANDARD = "gnu++14";
				CLANG_CXX_LIBRARY = "libc++";
				CLANG_ENABLE_MODULES = YES;
				CLANG_ENABLE_OBJC_ARC = YES;
				CLANG_ENABLE_OBJC_WEAK = YES;
				CLANG_WARN_BLOCK_CAPTURE_AUTORELEASING = YES;
				CLANG_WARN_BOOL_CONVERSION = YES;
				CLANG_WARN_COMMA = YES;
				CLANG_WARN_CONSTANT_CONVERSION = YES;
				CLANG_WARN_DEPRECATED_OBJC_IMPLEMENTATIONS = YES;
				CLANG_WARN_DIRECT_OBJC_ISA_USAGE = YES_ERROR;
				CLANG_WARN_DOCUMENTATION_COMMENTS = YES;
				CLANG_WARN_EMPTY_BODY = YES;
				CLANG_WARN_ENUM_CONVERSION = YES;
				CLANG_WARN_INFINITE_RECURSION = YES;
				CLANG_WARN_INT_CONVERSION = YES;
				CLANG_WARN_NON_LITERAL_NULL_CONVERSION = YES;
				CLANG_WARN_OBJC_IMPLICIT_RETAIN_SELF = YES;
				CLANG_WARN_OBJC_LITERAL_CONVERSION = YES;
				CLANG_WARN_OBJC_ROOT_CLASS = YES_ERROR;
				CLANG_WARN_RANGE_LOOP_ANALYSIS = YES;
				CLANG_WARN_STRICT_PROTOTYPES = YES;
				CLANG_WARN_SUSPICIOUS_MOVE = YES;
				CLANG_WARN_UNGUARDED_AVAILABILITY = YES_AGGRESSIVE;
				CLANG_WARN_UNREACHABLE_CODE = YES;
				CLANG_WARN__DUPLICATE_METHOD_MATCH = YES;
				COPY_PHASE_STRIP = NO;
				DEBUG_INFORMATION_FORMAT = dwarf;
				ENABLE_STRICT_OBJC_MSGSEND = YES;
				ENABLE_TESTABILITY = YES;
				GCC_C_LANGUAGE_STANDARD = gnu11;
				GCC_DYNAMIC_NO_PIC = NO;
				GCC_NO_COMMON_BLOCKS = YES;
				GCC_OPTIMIZATION_LEVEL = 0;
				GCC_PREPROCESSOR_DEFINITIONS = (
					"DEBUG=1",
					"$(inherited)",
				);
				GCC_WARN_64_TO_32_BIT_CONVERSION = YES;
				GCC_WARN_ABOUT_RETURN_TYPE = YES_ERROR;
				GCC_WARN_UNDECLARED_SELECTOR = YES;
				GCC_WARN_UNINITIALIZED_AUTOS = YES_AGGRESSIVE;
				GCC_WARN_UNUSED_FUNCTION = YES;
				GCC_WARN_UNUSED_VARIABLE = YES;
				IPHONEOS_DEPLOYMENT_TARGET = 13.2;
				MTL_ENABLE_DEBUG_INFO = INCLUDE_SOURCE;
				MTL_FAST_MATH = YES;
				ONLY_ACTIVE_ARCH = YES;
				SDKROOT = iphoneos;
				SWIFT_ACTIVE_COMPILATION_CONDITIONS = DEBUG;
				SWIFT_OPTIMIZATION_LEVEL = "-Onone";
			};
			name = Debug;
		};
		0130184826C152D800150FBF /* Release */ = {
			isa = XCBuildConfiguration;
			buildSettings = {
				ALWAYS_SEARCH_USER_PATHS = NO;
				CLANG_ANALYZER_NONNULL = YES;
				CLANG_ANALYZER_NUMBER_OBJECT_CONVERSION = YES_AGGRESSIVE;
				CLANG_CXX_LANGUAGE_STANDARD = "gnu++14";
				CLANG_CXX_LIBRARY = "libc++";
				CLANG_ENABLE_MODULES = YES;
				CLANG_ENABLE_OBJC_ARC = YES;
				CLANG_ENABLE_OBJC_WEAK = YES;
				CLANG_WARN_BLOCK_CAPTURE_AUTORELEASING = YES;
				CLANG_WARN_BOOL_CONVERSION = YES;
				CLANG_WARN_COMMA = YES;
				CLANG_WARN_CONSTANT_CONVERSION = YES;
				CLANG_WARN_DEPRECATED_OBJC_IMPLEMENTATIONS = YES;
				CLANG_WARN_DIRECT_OBJC_ISA_USAGE = YES_ERROR;
				CLANG_WARN_DOCUMENTATION_COMMENTS = YES;
				CLANG_WARN_EMPTY_BODY = YES;
				CLANG_WARN_ENUM_CONVERSION = YES;
				CLANG_WARN_INFINITE_RECURSION = YES;
				CLANG_WARN_INT_CONVERSION = YES;
				CLANG_WARN_NON_LITERAL_NULL_CONVERSION = YES;
				CLANG_WARN_OBJC_IMPLICIT_RETAIN_SELF = YES;
				CLANG_WARN_OBJC_LITERAL_CONVERSION = YES;
				CLANG_WARN_OBJC_ROOT_CLASS = YES_ERROR;
				CLANG_WARN_RANGE_LOOP_ANALYSIS = YES;
				CLANG_WARN_STRICT_PROTOTYPES = YES;
				CLANG_WARN_SUSPICIOUS_MOVE = YES;
				CLANG_WARN_UNGUARDED_AVAILABILITY = YES_AGGRESSIVE;
				CLANG_WARN_UNREACHABLE_CODE = YES;
				CLANG_WARN__DUPLICATE_METHOD_MATCH = YES;
				COPY_PHASE_STRIP = NO;
				DEBUG_INFORMATION_FORMAT = "dwarf-with-dsym";
				ENABLE_NS_ASSERTIONS = NO;
				ENABLE_STRICT_OBJC_MSGSEND = YES;
				GCC_C_LANGUAGE_STANDARD = gnu11;
				GCC_NO_COMMON_BLOCKS = YES;
				GCC_WARN_64_TO_32_BIT_CONVERSION = YES;
				GCC_WARN_ABOUT_RETURN_TYPE = YES_ERROR;
				GCC_WARN_UNDECLARED_SELECTOR = YES;
				GCC_WARN_UNINITIALIZED_AUTOS = YES_AGGRESSIVE;
				GCC_WARN_UNUSED_FUNCTION = YES;
				GCC_WARN_UNUSED_VARIABLE = YES;
				IPHONEOS_DEPLOYMENT_TARGET = 13.2;
				MTL_ENABLE_DEBUG_INFO = NO;
				MTL_FAST_MATH = YES;
				SDKROOT = iphoneos;
				SWIFT_COMPILATION_MODE = wholemodule;
				SWIFT_OPTIMIZATION_LEVEL = "-O";
				VALIDATE_PRODUCT = YES;
			};
			name = Release;
		};
		0130184A26C152D800150FBF /* Debug */ = {
			isa = XCBuildConfiguration;
			baseConfigurationReference = 8E3300BCECD8BBC0F6360AE3 /* Pods-FoursquareClone.debug.xcconfig */;
			buildSettings = {
				ASSETCATALOG_COMPILER_APPICON_NAME = AppIcon;
				CODE_SIGN_STYLE = Automatic;
				DEVELOPMENT_TEAM = VSQMABR553;
				INFOPLIST_FILE = FoursquareClone/Info.plist;
				LD_RUNPATH_SEARCH_PATHS = (
					"$(inherited)",
					"@executable_path/Frameworks",
				);
				PRODUCT_BUNDLE_IDENTIFIER = com.syncopaproductions.FoursquareClone;
				PRODUCT_NAME = "$(TARGET_NAME)";
				SWIFT_VERSION = 5.0;
				TARGETED_DEVICE_FAMILY = "1,2";
			};
			name = Debug;
		};
		0130184B26C152D800150FBF /* Release */ = {
			isa = XCBuildConfiguration;
			baseConfigurationReference = 9CFFF2E9B04CB506EB5893B9 /* Pods-FoursquareClone.release.xcconfig */;
			buildSettings = {
				ASSETCATALOG_COMPILER_APPICON_NAME = AppIcon;
				CODE_SIGN_STYLE = Automatic;
				DEVELOPMENT_TEAM = VSQMABR553;
				INFOPLIST_FILE = FoursquareClone/Info.plist;
				LD_RUNPATH_SEARCH_PATHS = (
					"$(inherited)",
					"@executable_path/Frameworks",
				);
				PRODUCT_BUNDLE_IDENTIFIER = com.syncopaproductions.FoursquareClone;
				PRODUCT_NAME = "$(TARGET_NAME)";
				SWIFT_VERSION = 5.0;
				TARGETED_DEVICE_FAMILY = "1,2";
			};
			name = Release;
		};
/* End XCBuildConfiguration section */

/* Begin XCConfigurationList section */
		0130183026C152D600150FBF /* Build configuration list for PBXProject "FoursquareClone" */ = {
			isa = XCConfigurationList;
			buildConfigurations = (
				0130184726C152D800150FBF /* Debug */,
				0130184826C152D800150FBF /* Release */,
			);
			defaultConfigurationIsVisible = 0;
			defaultConfigurationName = Release;
		};
		0130184926C152D800150FBF /* Build configuration list for PBXNativeTarget "FoursquareClone" */ = {
			isa = XCConfigurationList;
			buildConfigurations = (
				0130184A26C152D800150FBF /* Debug */,
				0130184B26C152D800150FBF /* Release */,
			);
			defaultConfigurationIsVisible = 0;
			defaultConfigurationName = Release;
		};
/* End XCConfigurationList section */
	};
	rootObject = 0130182D26C152D600150FBF /* Project object */;
}
